// !$*UTF8*$!
{
	archiveVersion = 1;
	classes = {
	};
	objectVersion = 50;
	objects = {

/* Begin PBXBuildFile section */
		97899C9867BBBB7D23229222 /* Pods_ReactiveSwiftDemo.framework in Frameworks */ = {isa = PBXBuildFile; fileRef = EE7ACC90C5BDF8B7F259AC7B /* Pods_ReactiveSwiftDemo.framework */; };
		9A077AEC20E1158000799922 /* AppDelegate.swift in Sources */ = {isa = PBXBuildFile; fileRef = 9A077AEB20E1158000799922 /* AppDelegate.swift */; };
		9A077AEE20E1158000799922 /* ViewController.swift in Sources */ = {isa = PBXBuildFile; fileRef = 9A077AED20E1158000799922 /* ViewController.swift */; };
		9A077AF120E1158000799922 /* Main.storyboard in Resources */ = {isa = PBXBuildFile; fileRef = 9A077AEF20E1158000799922 /* Main.storyboard */; };
		9A077AF420E1158000799922 /* ReactiveSwiftDemo.xcdatamodeld in Sources */ = {isa = PBXBuildFile; fileRef = 9A077AF220E1158000799922 /* ReactiveSwiftDemo.xcdatamodeld */; };
		9A077AF620E1158400799922 /* Assets.xcassets in Resources */ = {isa = PBXBuildFile; fileRef = 9A077AF520E1158400799922 /* Assets.xcassets */; };
		9A077AF920E1158400799922 /* LaunchScreen.storyboard in Resources */ = {isa = PBXBuildFile; fileRef = 9A077AF720E1158400799922 /* LaunchScreen.storyboard */; };
		9A077B0120E1177400799922 /* JDContentView.swift in Sources */ = {isa = PBXBuildFile; fileRef = 9A077B0020E1177400799922 /* JDContentView.swift */; };
/* End PBXBuildFile section */

/* Begin PBXFileReference section */
		3439CAA451FBE9D3905F51BC /* Pods-ReactiveSwiftDemo.debug.xcconfig */ = {isa = PBXFileReference; includeInIndex = 1; lastKnownFileType = text.xcconfig; name = "Pods-ReactiveSwiftDemo.debug.xcconfig"; path = "Pods/Target Support Files/Pods-ReactiveSwiftDemo/Pods-ReactiveSwiftDemo.debug.xcconfig"; sourceTree = "<group>"; };
		695F4E2DDEB070740E52B0D0 /* Pods-ReactiveSwiftDemo.release.xcconfig */ = {isa = PBXFileReference; includeInIndex = 1; lastKnownFileType = text.xcconfig; name = "Pods-ReactiveSwiftDemo.release.xcconfig"; path = "Pods/Target Support Files/Pods-ReactiveSwiftDemo/Pods-ReactiveSwiftDemo.release.xcconfig"; sourceTree = "<group>"; };
		9A077AE820E1158000799922 /* ReactiveSwiftDemo.app */ = {isa = PBXFileReference; explicitFileType = wrapper.application; includeInIndex = 0; path = ReactiveSwiftDemo.app; sourceTree = BUILT_PRODUCTS_DIR; };
		9A077AEB20E1158000799922 /* AppDelegate.swift */ = {isa = PBXFileReference; lastKnownFileType = sourcecode.swift; path = AppDelegate.swift; sourceTree = "<group>"; };
		9A077AED20E1158000799922 /* ViewController.swift */ = {isa = PBXFileReference; lastKnownFileType = sourcecode.swift; path = ViewController.swift; sourceTree = "<group>"; };
		9A077AF020E1158000799922 /* Base */ = {isa = PBXFileReference; lastKnownFileType = file.storyboard; name = Base; path = Base.lproj/Main.storyboard; sourceTree = "<group>"; };
		9A077AF320E1158000799922 /* ReactiveSwiftDemo.xcdatamodel */ = {isa = PBXFileReference; lastKnownFileType = wrapper.xcdatamodel; path = ReactiveSwiftDemo.xcdatamodel; sourceTree = "<group>"; };
		9A077AF520E1158400799922 /* Assets.xcassets */ = {isa = PBXFileReference; lastKnownFileType = folder.assetcatalog; path = Assets.xcassets; sourceTree = "<group>"; };
		9A077AF820E1158400799922 /* Base */ = {isa = PBXFileReference; lastKnownFileType = file.storyboard; name = Base; path = Base.lproj/LaunchScreen.storyboard; sourceTree = "<group>"; };
		9A077AFA20E1158400799922 /* Info.plist */ = {isa = PBXFileReference; lastKnownFileType = text.plist.xml; path = Info.plist; sourceTree = "<group>"; };
		9A077B0020E1177400799922 /* JDContentView.swift */ = {isa = PBXFileReference; lastKnownFileType = sourcecode.swift; path = JDContentView.swift; sourceTree = "<group>"; };
		EE7ACC90C5BDF8B7F259AC7B /* Pods_ReactiveSwiftDemo.framework */ = {isa = PBXFileReference; explicitFileType = wrapper.framework; includeInIndex = 0; path = Pods_ReactiveSwiftDemo.framework; sourceTree = BUILT_PRODUCTS_DIR; };
/* End PBXFileReference section */

/* Begin PBXFrameworksBuildPhase section */
		9A077AE520E1158000799922 /* Frameworks */ = {
			isa = PBXFrameworksBuildPhase;
			buildActionMask = 2147483647;
			files = (
				97899C9867BBBB7D23229222 /* Pods_ReactiveSwiftDemo.framework in Frameworks */,
			);
			runOnlyForDeploymentPostprocessing = 0;
		};
/* End PBXFrameworksBuildPhase section */

/* Begin PBXGroup section */
		6007EC197C13E14F51A6C280 /* Pods */ = {
			isa = PBXGroup;
			children = (
				3439CAA451FBE9D3905F51BC /* Pods-ReactiveSwiftDemo.debug.xcconfig */,
				695F4E2DDEB070740E52B0D0 /* Pods-ReactiveSwiftDemo.release.xcconfig */,
			);
			name = Pods;
			sourceTree = "<group>";
		};
		9A077ADF20E1158000799922 = {
			isa = PBXGroup;
			children = (
				9A077AEA20E1158000799922 /* ReactiveSwiftDemo */,
				9A077AE920E1158000799922 /* Products */,
				6007EC197C13E14F51A6C280 /* Pods */,
				E6F902A5452AD09738851DD2 /* Frameworks */,
			);
			sourceTree = "<group>";
		};
		9A077AE920E1158000799922 /* Products */ = {
			isa = PBXGroup;
			children = (
				9A077AE820E1158000799922 /* ReactiveSwiftDemo.app */,
			);
			name = Products;
			sourceTree = "<group>";
		};
		9A077AEA20E1158000799922 /* ReactiveSwiftDemo */ = {
			isa = PBXGroup;
			children = (
				9A077AEB20E1158000799922 /* AppDelegate.swift */,
				9A077AED20E1158000799922 /* ViewController.swift */,
				9A077AEF20E1158000799922 /* Main.storyboard */,
				9A077AF520E1158400799922 /* Assets.xcassets */,
				9A077AF720E1158400799922 /* LaunchScreen.storyboard */,
				9A077AFA20E1158400799922 /* Info.plist */,
				9A077AF220E1158000799922 /* ReactiveSwiftDemo.xcdatamodeld */,
				9A077B0020E1177400799922 /* JDContentView.swift */,
			);
			path = ReactiveSwiftDemo;
			sourceTree = "<group>";
		};
		E6F902A5452AD09738851DD2 /* Frameworks */ = {
			isa = PBXGroup;
			children = (
				EE7ACC90C5BDF8B7F259AC7B /* Pods_ReactiveSwiftDemo.framework */,
			);
			name = Frameworks;
			sourceTree = "<group>";
		};
/* End PBXGroup section */

/* Begin PBXNativeTarget section */
		9A077AE720E1158000799922 /* ReactiveSwiftDemo */ = {
			isa = PBXNativeTarget;
			buildConfigurationList = 9A077AFD20E1158400799922 /* Build configuration list for PBXNativeTarget "ReactiveSwiftDemo" */;
			buildPhases = (
				0EB1C3224E9E0DE4C2675177 /* [CP] Check Pods Manifest.lock */,
				9A077AE420E1158000799922 /* Sources */,
				9A077AE520E1158000799922 /* Frameworks */,
				9A077AE620E1158000799922 /* Resources */,
				E47BFCD87A67C0EBF2D0D6C2 /* [CP] Embed Pods Frameworks */,
			);
			buildRules = (
			);
			dependencies = (
			);
			name = ReactiveSwiftDemo;
			productName = ReactiveSwiftDemo;
			productReference = 9A077AE820E1158000799922 /* ReactiveSwiftDemo.app */;
			productType = "com.apple.product-type.application";
		};
/* End PBXNativeTarget section */

/* Begin PBXProject section */
		9A077AE020E1158000799922 /* Project object */ = {
			isa = PBXProject;
			attributes = {
				LastSwiftUpdateCheck = 0940;
				LastUpgradeCheck = 0940;
				ORGANIZATIONNAME = ZMJ;
				TargetAttributes = {
					9A077AE720E1158000799922 = {
						CreatedOnToolsVersion = 9.4.1;
					};
				};
			};
			buildConfigurationList = 9A077AE320E1158000799922 /* Build configuration list for PBXProject "ReactiveSwiftDemo" */;
			compatibilityVersion = "Xcode 9.3";
			developmentRegion = en;
			hasScannedForEncodings = 0;
			knownRegions = (
				en,
				Base,
			);
			mainGroup = 9A077ADF20E1158000799922;
			productRefGroup = 9A077AE920E1158000799922 /* Products */;
			projectDirPath = "";
			projectRoot = "";
			targets = (
				9A077AE720E1158000799922 /* ReactiveSwiftDemo */,
			);
		};
/* End PBXProject section */

/* Begin PBXResourcesBuildPhase section */
		9A077AE620E1158000799922 /* Resources */ = {
			isa = PBXResourcesBuildPhase;
			buildActionMask = 2147483647;
			files = (
				9A077AF920E1158400799922 /* LaunchScreen.storyboard in Resources */,
				9A077AF620E1158400799922 /* Assets.xcassets in Resources */,
				9A077AF120E1158000799922 /* Main.storyboard in Resources */,
			);
			runOnlyForDeploymentPostprocessing = 0;
		};
/* End PBXResourcesBuildPhase section */

/* Begin PBXShellScriptBuildPhase section */
		0EB1C3224E9E0DE4C2675177 /* [CP] Check Pods Manifest.lock */ = {
			isa = PBXShellScriptBuildPhase;
			buildActionMask = 2147483647;
			files = (
			);
			inputPaths = (
				"${PODS_PODFILE_DIR_PATH}/Podfile.lock",
				"${PODS_ROOT}/Manifest.lock",
			);
			name = "[CP] Check Pods Manifest.lock";
			outputPaths = (
				"$(DERIVED_FILE_DIR)/Pods-ReactiveSwiftDemo-checkManifestLockResult.txt",
			);
			runOnlyForDeploymentPostprocessing = 0;
			shellPath = /bin/sh;
			shellScript = "diff \"${PODS_PODFILE_DIR_PATH}/Podfile.lock\" \"${PODS_ROOT}/Manifest.lock\" > /dev/null\nif [ $? != 0 ] ; then\n    # print error to STDERR\n    echo \"error: The sandbox is not in sync with the Podfile.lock. Run 'pod install' or update your CocoaPods installation.\" >&2\n    exit 1\nfi\n# This output is used by Xcode 'outputs' to avoid re-running this script phase.\necho \"SUCCESS\" > \"${SCRIPT_OUTPUT_FILE_0}\"\n";
			showEnvVarsInLog = 0;
		};
		E47BFCD87A67C0EBF2D0D6C2 /* [CP] Embed Pods Frameworks */ = {
			isa = PBXShellScriptBuildPhase;
			buildActionMask = 2147483647;
			files = (
			);
			inputPaths = (
				"${SRCROOT}/Pods/Target Support Files/Pods-ReactiveSwiftDemo/Pods-ReactiveSwiftDemo-frameworks.sh",
				"${BUILT_PRODUCTS_DIR}/ReactiveCocoa/ReactiveCocoa.framework",
				"${BUILT_PRODUCTS_DIR}/ReactiveSwift/ReactiveSwift.framework",
				"${BUILT_PRODUCTS_DIR}/Result/Result.framework",
				"${BUILT_PRODUCTS_DIR}/SnapKit/SnapKit.framework",
			);
			name = "[CP] Embed Pods Frameworks";
			outputPaths = (
				"${TARGET_BUILD_DIR}/${FRAMEWORKS_FOLDER_PATH}/ReactiveCocoa.framework",
				"${TARGET_BUILD_DIR}/${FRAMEWORKS_FOLDER_PATH}/ReactiveSwift.framework",
				"${TARGET_BUILD_DIR}/${FRAMEWORKS_FOLDER_PATH}/Result.framework",
				"${TARGET_BUILD_DIR}/${FRAMEWORKS_FOLDER_PATH}/SnapKit.framework",
			);
			runOnlyForDeploymentPostprocessing = 0;
			shellPath = /bin/sh;
			shellScript = "\"${SRCROOT}/Pods/Target Support Files/Pods-ReactiveSwiftDemo/Pods-ReactiveSwiftDemo-frameworks.sh\"\n";
			showEnvVarsInLog = 0;
		};
/* End PBXShellScriptBuildPhase section */

/* Begin PBXSourcesBuildPhase section */
		9A077AE420E1158000799922 /* Sources */ = {
			isa = PBXSourcesBuildPhase;
			buildActionMask = 2147483647;
			files = (
				9A077AEE20E1158000799922 /* ViewController.swift in Sources */,
				9A077AF420E1158000799922 /* ReactiveSwiftDemo.xcdatamodeld in Sources */,
				9A077B0120E1177400799922 /* JDContentView.swift in Sources */,
				9A077AEC20E1158000799922 /* AppDelegate.swift in Sources */,
			);
			runOnlyForDeploymentPostprocessing = 0;
		};
/* End PBXSourcesBuildPhase section */

/* Begin PBXVariantGroup section */
		9A077AEF20E1158000799922 /* Main.storyboard */ = {
			isa = PBXVariantGroup;
			children = (
				9A077AF020E1158000799922 /* Base */,
			);
			name = Main.storyboard;
			sourceTree = "<group>";
		};
		9A077AF720E1158400799922 /* LaunchScreen.storyboard */ = {
			isa = PBXVariantGroup;
			children = (
				9A077AF820E1158400799922 /* Base */,
			);
			name = LaunchScreen.storyboard;
			sourceTree = "<group>";
		};
/* End PBXVariantGroup section */

/* Begin XCBuildConfiguration section */
		9A077AFB20E1158400799922 /* Debug */ = {
			isa = XCBuildConfiguration;
			buildSettings = {
				ALWAYS_SEARCH_USER_PATHS = NO;
				CLANG_ANALYZER_NONNULL = YES;
				CLANG_ANALYZER_NUMBER_OBJECT_CONVERSION = YES_AGGRESSIVE;
				CLANG_CXX_LANGUAGE_STANDARD = "gnu++14";
				CLANG_CXX_LIBRARY = "libc++";
				CLANG_ENABLE_MODULES = YES;
				CLANG_ENABLE_OBJC_ARC = YES;
				CLANG_ENABLE_OBJC_WEAK = YES;
				CLANG_WARN_BLOCK_CAPTURE_AUTORELEASING = YES;
				CLANG_WARN_BOOL_CONVERSION = YES;
				CLANG_WARN_COMMA = YES;
				CLANG_WARN_CONSTANT_CONVERSION = YES;
				CLANG_WARN_DEPRECATED_OBJC_IMPLEMENTATIONS = YES;
				CLANG_WARN_DIRECT_OBJC_ISA_USAGE = YES_ERROR;
				CLANG_WARN_DOCUMENTATION_COMMENTS = YES;
				CLANG_WARN_EMPTY_BODY = YES;
				CLANG_WARN_ENUM_CONVERSION = YES;
				CLANG_WARN_INFINITE_RECURSION = YES;
				CLANG_WARN_INT_CONVERSION = YES;
				CLANG_WARN_NON_LITERAL_NULL_CONVERSION = YES;
				CLANG_WARN_OBJC_IMPLICIT_RETAIN_SELF = YES;
				CLANG_WARN_OBJC_LITERAL_CONVERSION = YES;
				CLANG_WARN_OBJC_ROOT_CLASS = YES_ERROR;
				CLANG_WARN_RANGE_LOOP_ANALYSIS = YES;
				CLANG_WARN_STRICT_PROTOTYPES = YES;
				CLANG_WARN_SUSPICIOUS_MOVE = YES;
				CLANG_WARN_UNGUARDED_AVAILABILITY = YES_AGGRESSIVE;
				CLANG_WARN_UNREACHABLE_CODE = YES;
				CLANG_WARN__DUPLICATE_METHOD_MATCH = YES;
				CODE_SIGN_IDENTITY = "iPhone Developer";
				COPY_PHASE_STRIP = NO;
				DEBUG_INFORMATION_FORMAT = dwarf;
				ENABLE_STRICT_OBJC_MSGSEND = YES;
				ENABLE_TESTABILITY = YES;
				GCC_C_LANGUAGE_STANDARD = gnu11;
				GCC_DYNAMIC_NO_PIC = NO;
				GCC_NO_COMMON_BLOCKS = YES;
				GCC_OPTIMIZATION_LEVEL = 0;
				GCC_PREPROCESSOR_DEFINITIONS = (
					"DEBUG=1",
					"$(inherited)",
				);
				GCC_WARN_64_TO_32_BIT_CONVERSION = YES;
				GCC_WARN_ABOUT_RETURN_TYPE = YES_ERROR;
				GCC_WARN_UNDECLARED_SELECTOR = YES;
				GCC_WARN_UNINITIALIZED_AUTOS = YES_AGGRESSIVE;
				GCC_WARN_UNUSED_FUNCTION = YES;
				GCC_WARN_UNUSED_VARIABLE = YES;
				IPHONEOS_DEPLOYMENT_TARGET = 11.4;
				MTL_ENABLE_DEBUG_INFO = YES;
				ONLY_ACTIVE_ARCH = YES;
				SDKROOT = iphoneos;
				SWIFT_ACTIVE_COMPILATION_CONDITIONS = DEBUG;
				SWIFT_OPTIMIZATION_LEVEL = "-Onone";
			};
			name = Debug;
		};
		9A077AFC20E1158400799922 /* Release */ = {
			isa = XCBuildConfiguration;
			buildSettings = {
				ALWAYS_SEARCH_USER_PATHS = NO;
				CLANG_ANALYZER_NONNULL = YES;
				CLANG_ANALYZER_NUMBER_OBJECT_CONVERSION = YES_AGGRESSIVE;
				CLANG_CXX_LANGUAGE_STANDARD = "gnu++14";
				CLANG_CXX_LIBRARY = "libc++";
				CLANG_ENABLE_MODULES = YES;
				CLANG_ENABLE_OBJC_ARC = YES;
				CLANG_ENABLE_OBJC_WEAK = YES;
				CLANG_WARN_BLOCK_CAPTURE_AUTORELEASING = YES;
				CLANG_WARN_BOOL_CONVERSION = YES;
				CLANG_WARN_COMMA = YES;
				CLANG_WARN_CONSTANT_CONVERSION = YES;
				CLANG_WARN_DEPRECATED_OBJC_IMPLEMENTATIONS = YES;
				CLANG_WARN_DIRECT_OBJC_ISA_USAGE = YES_ERROR;
				CLANG_WARN_DOCUMENTATION_COMMENTS = YES;
				CLANG_WARN_EMPTY_BODY = YES;
				CLANG_WARN_ENUM_CONVERSION = YES;
				CLANG_WARN_INFINITE_RECURSION = YES;
				CLANG_WARN_INT_CONVERSION = YES;
				CLANG_WARN_NON_LITERAL_NULL_CONVERSION = YES;
				CLANG_WARN_OBJC_IMPLICIT_RETAIN_SELF = YES;
				CLANG_WARN_OBJC_LITERAL_CONVERSION = YES;
				CLANG_WARN_OBJC_ROOT_CLASS = YES_ERROR;
				CLANG_WARN_RANGE_LOOP_ANALYSIS = YES;
				CLANG_WARN_STRICT_PROTOTYPES = YES;
				CLANG_WARN_SUSPICIOUS_MOVE = YES;
				CLANG_WARN_UNGUARDED_AVAILABILITY = YES_AGGRESSIVE;
				CLANG_WARN_UNREACHABLE_CODE = YES;
				CLANG_WARN__DUPLICATE_METHOD_MATCH = YES;
				CODE_SIGN_IDENTITY = "iPhone Developer";
				COPY_PHASE_STRIP = NO;
				DEBUG_INFORMATION_FORMAT = "dwarf-with-dsym";
				ENABLE_NS_ASSERTIONS = NO;
				ENABLE_STRICT_OBJC_MSGSEND = YES;
				GCC_C_LANGUAGE_STANDARD = gnu11;
				GCC_NO_COMMON_BLOCKS = YES;
				GCC_WARN_64_TO_32_BIT_CONVERSION = YES;
				GCC_WARN_ABOUT_RETURN_TYPE = YES_ERROR;
				GCC_WARN_UNDECLARED_SELECTOR = YES;
				GCC_WARN_UNINITIALIZED_AUTOS = YES_AGGRESSIVE;
				GCC_WARN_UNUSED_FUNCTION = YES;
				GCC_WARN_UNUSED_VARIABLE = YES;
				IPHONEOS_DEPLOYMENT_TARGET = 11.4;
				MTL_ENABLE_DEBUG_INFO = NO;
				SDKROOT = iphoneos;
				SWIFT_COMPILATION_MODE = wholemodule;
				SWIFT_OPTIMIZATION_LEVEL = "-O";
				VALIDATE_PRODUCT = YES;
			};
			name = Release;
		};
		9A077AFE20E1158400799922 /* Debug */ = {
			isa = XCBuildConfiguration;
			baseConfigurationReference = 3439CAA451FBE9D3905F51BC /* Pods-ReactiveSwiftDemo.debug.xcconfig */;
			buildSettings = {
				ASSETCATALOG_COMPILER_APPICON_NAME = AppIcon;
				CODE_SIGN_STYLE = Automatic;
				INFOPLIST_FILE = ReactiveSwiftDemo/Info.plist;
				IPHONEOS_DEPLOYMENT_TARGET = 9.0;
				LD_RUNPATH_SEARCH_PATHS = (
					"$(inherited)",
					"@executable_path/Frameworks",
				);
				PRODUCT_BUNDLE_IDENTIFIER = com.jg.ReactiveSwiftDemo;
				PRODUCT_NAME = "$(TARGET_NAME)";
				SWIFT_VERSION = 4.0;
				TARGETED_DEVICE_FAMILY = "1,2";
			};
			name = Debug;
		};
		9A077AFF20E1158400799922 /* Release */ = {
			isa = XCBuildConfiguration;
			baseConfigurationReference = 695F4E2DDEB070740E52B0D0 /* Pods-ReactiveSwiftDemo.release.xcconfig */;
			buildSettings = {
				ASSETCATALOG_COMPILER_APPICON_NAME = AppIcon;
				CODE_SIGN_STYLE = Automatic;
				INFOPLIST_FILE = ReactiveSwiftDemo/Info.plist;
				IPHONEOS_DEPLOYMENT_TARGET = 9.0;
				LD_RUNPATH_SEARCH_PATHS = (
					"$(inherited)",
					"@executable_path/Frameworks",
				);
				PRODUCT_BUNDLE_IDENTIFIER = com.jg.ReactiveSwiftDemo;
				PRODUCT_NAME = "$(TARGET_NAME)";
				SWIFT_VERSION = 4.0;
				TARGETED_DEVICE_FAMILY = "1,2";
			};
			name = Release;
		};
/* End XCBuildConfiguration section */

/* Begin XCConfigurationList section */
		9A077AE320E1158000799922 /* Build configuration list for PBXProject "ReactiveSwiftDemo" */ = {
			isa = XCConfigurationList;
			buildConfigurations = (
				9A077AFB20E1158400799922 /* Debug */,
				9A077AFC20E1158400799922 /* Release */,
			);
			defaultConfigurationIsVisible = 0;
			defaultConfigurationName = Release;
		};
		9A077AFD20E1158400799922 /* Build configuration list for PBXNativeTarget "ReactiveSwiftDemo" */ = {
			isa = XCConfigurationList;
			buildConfigurations = (
				9A077AFE20E1158400799922 /* Debug */,
				9A077AFF20E1158400799922 /* Release */,
			);
			defaultConfigurationIsVisible = 0;
			defaultConfigurationName = Release;
		};
/* End XCConfigurationList section */

/* Begin XCVersionGroup section */
		9A077AF220E1158000799922 /* ReactiveSwiftDemo.xcdatamodeld */ = {
			isa = XCVersionGroup;
			children = (
				9A077AF320E1158000799922 /* ReactiveSwiftDemo.xcdatamodel */,
			);
			currentVersion = 9A077AF320E1158000799922 /* ReactiveSwiftDemo.xcdatamodel */;
			path = ReactiveSwiftDemo.xcdatamodeld;
			sourceTree = "<group>";
			versionGroupType = wrapper.xcdatamodel;
		};
/* End XCVersionGroup section */
	};
	rootObject = 9A077AE020E1158000799922 /* Project object */;
}
